// !$*UTF8*$!
{
	archiveVersion = 1;
	classes = {
	};
	objectVersion = 55;
	objects = {

/* Begin PBXBuildFile section */
		46DD3E2A27EBCCEA00A2B529 /* AppDelegate.swift in Sources */ = {isa = PBXBuildFile; fileRef = 46DD3E2927EBCCEA00A2B529 /* AppDelegate.swift */; };
		46DD3E2C27EBCCEA00A2B529 /* SceneDelegate.swift in Sources */ = {isa = PBXBuildFile; fileRef = 46DD3E2B27EBCCEA00A2B529 /* SceneDelegate.swift */; };
		46DD3E3127EBCCEA00A2B529 /* Main.storyboard in Resources */ = {isa = PBXBuildFile; fileRef = 46DD3E2F27EBCCEA00A2B529 /* Main.storyboard */; };
		46DD3E3327EBCCEC00A2B529 /* Assets.xcassets in Resources */ = {isa = PBXBuildFile; fileRef = 46DD3E3227EBCCEC00A2B529 /* Assets.xcassets */; };
		46DD3E3627EBCCEC00A2B529 /* LaunchScreen.storyboard in Resources */ = {isa = PBXBuildFile; fileRef = 46DD3E3427EBCCEC00A2B529 /* LaunchScreen.storyboard */; };
		46DD3E3F27EBCDCD00A2B529 /* MainViewController.swift in Sources */ = {isa = PBXBuildFile; fileRef = 46DD3E3E27EBCDCD00A2B529 /* MainViewController.swift */; };
		46DD3E4227EBD49F00A2B529 /* Assembly.swift in Sources */ = {isa = PBXBuildFile; fileRef = 46DD3E4127EBD49F00A2B529 /* Assembly.swift */; };
		46DD3E4427EBD4A400A2B529 /* MainCoordinator.swift in Sources */ = {isa = PBXBuildFile; fileRef = 46DD3E4327EBD4A400A2B529 /* MainCoordinator.swift */; };
		46DD3E4627EBD50400A2B529 /* MainViewModel.swift in Sources */ = {isa = PBXBuildFile; fileRef = 46DD3E4527EBD50400A2B529 /* MainViewModel.swift */; };
		46DD3E4827EBD58800A2B529 /* MainIO.swift in Sources */ = {isa = PBXBuildFile; fileRef = 46DD3E4727EBD58800A2B529 /* MainIO.swift */; };
		46DD3E4B27EC564300A2B529 /* LanguageType.swift in Sources */ = {isa = PBXBuildFile; fileRef = 46DD3E4A27EC564300A2B529 /* LanguageType.swift */; };
		46DD3E4E27EC570500A2B529 /* InfoViewController.swift in Sources */ = {isa = PBXBuildFile; fileRef = 46DD3E4D27EC570500A2B529 /* InfoViewController.swift */; };
		46DD3E5027EC7DBB00A2B529 /* InfoViewModel.swift in Sources */ = {isa = PBXBuildFile; fileRef = 46DD3E4F27EC7DBB00A2B529 /* InfoViewModel.swift */; };
		46DD3E5227EC7E0E00A2B529 /* InfoIO.swift in Sources */ = {isa = PBXBuildFile; fileRef = 46DD3E5127EC7E0E00A2B529 /* InfoIO.swift */; };
		46E3B55027F30D8500623A8A /* LanguageInfoUsecase.swift in Sources */ = {isa = PBXBuildFile; fileRef = 46E3B54F27F30D8500623A8A /* LanguageInfoUsecase.swift */; };
		46E3B55827F83C7800623A8A /* Constants.swift in Sources */ = {isa = PBXBuildFile; fileRef = 46E3B55727F83C7800623A8A /* Constants.swift */; };
		BA8ED183D33C8CA60126E9BB /* Pods_MobilkaLAB6.framework in Frameworks */ = {isa = PBXBuildFile; fileRef = 45BD36CB4B8ED83CAB41241B /* Pods_MobilkaLAB6.framework */; };
/* End PBXBuildFile section */

/* Begin PBXFileReference section */
		01C7E1D1A5BE8336D3440C27 /* Pods-MobilkaLAB6.release.xcconfig */ = {isa = PBXFileReference; includeInIndex = 1; lastKnownFileType = text.xcconfig; name = "Pods-MobilkaLAB6.release.xcconfig"; path = "Target Support Files/Pods-MobilkaLAB6/Pods-MobilkaLAB6.release.xcconfig"; sourceTree = "<group>"; };
		45BD36CB4B8ED83CAB41241B /* Pods_MobilkaLAB6.framework */ = {isa = PBXFileReference; explicitFileType = wrapper.framework; includeInIndex = 0; path = Pods_MobilkaLAB6.framework; sourceTree = BUILT_PRODUCTS_DIR; };
		46DD3E2627EBCCEA00A2B529 /* MobilkaLAB6.app */ = {isa = PBXFileReference; explicitFileType = wrapper.application; includeInIndex = 0; path = MobilkaLAB6.app; sourceTree = BUILT_PRODUCTS_DIR; };
		46DD3E2927EBCCEA00A2B529 /* AppDelegate.swift */ = {isa = PBXFileReference; lastKnownFileType = sourcecode.swift; path = AppDelegate.swift; sourceTree = "<group>"; };
		46DD3E2B27EBCCEA00A2B529 /* SceneDelegate.swift */ = {isa = PBXFileReference; lastKnownFileType = sourcecode.swift; path = SceneDelegate.swift; sourceTree = "<group>"; };
		46DD3E3027EBCCEA00A2B529 /* Base */ = {isa = PBXFileReference; lastKnownFileType = file.storyboard; name = Base; path = Base.lproj/Main.storyboard; sourceTree = "<group>"; };
		46DD3E3227EBCCEC00A2B529 /* Assets.xcassets */ = {isa = PBXFileReference; lastKnownFileType = folder.assetcatalog; path = Assets.xcassets; sourceTree = "<group>"; };
		46DD3E3527EBCCEC00A2B529 /* Base */ = {isa = PBXFileReference; lastKnownFileType = file.storyboard; name = Base; path = Base.lproj/LaunchScreen.storyboard; sourceTree = "<group>"; };
		46DD3E3727EBCCEC00A2B529 /* Info.plist */ = {isa = PBXFileReference; lastKnownFileType = text.plist.xml; path = Info.plist; sourceTree = "<group>"; };
		46DD3E3E27EBCDCD00A2B529 /* MainViewController.swift */ = {isa = PBXFileReference; lastKnownFileType = sourcecode.swift; path = MainViewController.swift; sourceTree = "<group>"; };
		46DD3E4127EBD49F00A2B529 /* Assembly.swift */ = {isa = PBXFileReference; fileEncoding = 4; lastKnownFileType = sourcecode.swift; path = Assembly.swift; sourceTree = "<group>"; };
		46DD3E4327EBD4A400A2B529 /* MainCoordinator.swift */ = {isa = PBXFileReference; fileEncoding = 4; lastKnownFileType = sourcecode.swift; path = MainCoordinator.swift; sourceTree = "<group>"; };
		46DD3E4527EBD50400A2B529 /* MainViewModel.swift */ = {isa = PBXFileReference; lastKnownFileType = sourcecode.swift; path = MainViewModel.swift; sourceTree = "<group>"; };
		46DD3E4727EBD58800A2B529 /* MainIO.swift */ = {isa = PBXFileReference; lastKnownFileType = sourcecode.swift; path = MainIO.swift; sourceTree = "<group>"; };
		46DD3E4A27EC564300A2B529 /* LanguageType.swift */ = {isa = PBXFileReference; lastKnownFileType = sourcecode.swift; path = LanguageType.swift; sourceTree = "<group>"; };
		46DD3E4D27EC570500A2B529 /* InfoViewController.swift */ = {isa = PBXFileReference; lastKnownFileType = sourcecode.swift; path = InfoViewController.swift; sourceTree = "<group>"; };
		46DD3E4F27EC7DBB00A2B529 /* InfoViewModel.swift */ = {isa = PBXFileReference; lastKnownFileType = sourcecode.swift; path = InfoViewModel.swift; sourceTree = "<group>"; };
		46DD3E5127EC7E0E00A2B529 /* InfoIO.swift */ = {isa = PBXFileReference; lastKnownFileType = sourcecode.swift; path = InfoIO.swift; sourceTree = "<group>"; };
		46E3B54F27F30D8500623A8A /* LanguageInfoUsecase.swift */ = {isa = PBXFileReference; lastKnownFileType = sourcecode.swift; path = LanguageInfoUsecase.swift; sourceTree = "<group>"; };
		46E3B55727F83C7800623A8A /* Constants.swift */ = {isa = PBXFileReference; lastKnownFileType = sourcecode.swift; path = Constants.swift; sourceTree = "<group>"; };
		EE456DF4E3328A310F791329 /* Pods-MobilkaLAB6.debug.xcconfig */ = {isa = PBXFileReference; includeInIndex = 1; lastKnownFileType = text.xcconfig; name = "Pods-MobilkaLAB6.debug.xcconfig"; path = "Target Support Files/Pods-MobilkaLAB6/Pods-MobilkaLAB6.debug.xcconfig"; sourceTree = "<group>"; };
/* End PBXFileReference section */

/* Begin PBXFrameworksBuildPhase section */
		46DD3E2327EBCCEA00A2B529 /* Frameworks */ = {
			isa = PBXFrameworksBuildPhase;
			buildActionMask = 2147483647;
			files = (
				BA8ED183D33C8CA60126E9BB /* Pods_MobilkaLAB6.framework in Frameworks */,
			);
			runOnlyForDeploymentPostprocessing = 0;
		};
/* End PBXFrameworksBuildPhase section */

/* Begin PBXGroup section */
		41C1A18B38E6453496F31B0A /* Pods */ = {
			isa = PBXGroup;
			children = (
				EE456DF4E3328A310F791329 /* Pods-MobilkaLAB6.debug.xcconfig */,
				01C7E1D1A5BE8336D3440C27 /* Pods-MobilkaLAB6.release.xcconfig */,
			);
			path = Pods;
			sourceTree = "<group>";
		};
		46DD3E1D27EBCCE900A2B529 = {
			isa = PBXGroup;
			children = (
				46DD3E2827EBCCEA00A2B529 /* MobilkaLAB6 */,
				46DD3E2727EBCCEA00A2B529 /* Products */,
				41C1A18B38E6453496F31B0A /* Pods */,
				B0A025163DF1902CB112F90C /* Frameworks */,
			);
			sourceTree = "<group>";
		};
		46DD3E2727EBCCEA00A2B529 /* Products */ = {
			isa = PBXGroup;
			children = (
				46DD3E2627EBCCEA00A2B529 /* MobilkaLAB6.app */,
			);
			name = Products;
			sourceTree = "<group>";
		};
		46DD3E2827EBCCEA00A2B529 /* MobilkaLAB6 */ = {
			isa = PBXGroup;
			children = (
				46DD3E4927EC562D00A2B529 /* Enums */,
				46E3B55427F30E9700623A8A /* Models */,
				46DD3E4027EBD48900A2B529 /* Modules */,
				46E3B55327F30E2500623A8A /* Support */,
				46E3B54E27F30D6900623A8A /* Usecase */,
				46DD3E3727EBCCEC00A2B529 /* Info.plist */,
			);
			path = MobilkaLAB6;
			sourceTree = "<group>";
		};
		46DD3E3D27EBCD3B00A2B529 /* Main */ = {
			isa = PBXGroup;
			children = (
				46DD3E4727EBD58800A2B529 /* MainIO.swift */,
				46DD3E3E27EBCDCD00A2B529 /* MainViewController.swift */,
				46DD3E4527EBD50400A2B529 /* MainViewModel.swift */,
			);
			path = Main;
			sourceTree = "<group>";
		};
		46DD3E4027EBD48900A2B529 /* Modules */ = {
			isa = PBXGroup;
			children = (
				46DD3E4127EBD49F00A2B529 /* Assembly.swift */,
				46DD3E4327EBD4A400A2B529 /* MainCoordinator.swift */,
				46DD3E3D27EBCD3B00A2B529 /* Main */,
				46DD3E4C27EC56DB00A2B529 /* Info */,
			);
			path = Modules;
			sourceTree = "<group>";
		};
		46DD3E4927EC562D00A2B529 /* Enums */ = {
			isa = PBXGroup;
			children = (
				46DD3E4A27EC564300A2B529 /* LanguageType.swift */,
				46E3B55727F83C7800623A8A /* Constants.swift */,
			);
			path = Enums;
			sourceTree = "<group>";
		};
		46DD3E4C27EC56DB00A2B529 /* Info */ = {
			isa = PBXGroup;
			children = (
				46DD3E5127EC7E0E00A2B529 /* InfoIO.swift */,
				46DD3E4D27EC570500A2B529 /* InfoViewController.swift */,
				46DD3E4F27EC7DBB00A2B529 /* InfoViewModel.swift */,
			);
			path = Info;
			sourceTree = "<group>";
		};
		46E3B54E27F30D6900623A8A /* Usecase */ = {
			isa = PBXGroup;
			children = (
				46E3B54F27F30D8500623A8A /* LanguageInfoUsecase.swift */,
			);
			path = Usecase;
			sourceTree = "<group>";
		};
		46E3B55327F30E2500623A8A /* Support */ = {
			isa = PBXGroup;
			children = (
				46DD3E2927EBCCEA00A2B529 /* AppDelegate.swift */,
				46DD3E3227EBCCEC00A2B529 /* Assets.xcassets */,
				46DD3E3427EBCCEC00A2B529 /* LaunchScreen.storyboard */,
				46DD3E2F27EBCCEA00A2B529 /* Main.storyboard */,
				46DD3E2B27EBCCEA00A2B529 /* SceneDelegate.swift */,
			);
			path = Support;
			sourceTree = "<group>";
		};
		46E3B55427F30E9700623A8A /* Models */ = {
			isa = PBXGroup;
			children = (
			);
			path = Models;
			sourceTree = "<group>";
		};
		B0A025163DF1902CB112F90C /* Frameworks */ = {
			isa = PBXGroup;
			children = (
				45BD36CB4B8ED83CAB41241B /* Pods_MobilkaLAB6.framework */,
			);
			name = Frameworks;
			sourceTree = "<group>";
		};
/* End PBXGroup section */

/* Begin PBXNativeTarget section */
		46DD3E2527EBCCEA00A2B529 /* MobilkaLAB6 */ = {
			isa = PBXNativeTarget;
			buildConfigurationList = 46DD3E3A27EBCCEC00A2B529 /* Build configuration list for PBXNativeTarget "MobilkaLAB6" */;
			buildPhases = (
				BD84857D93BE4CE1B3A6BC51 /* [CP] Check Pods Manifest.lock */,
				46DD3E2227EBCCEA00A2B529 /* Sources */,
				46DD3E2327EBCCEA00A2B529 /* Frameworks */,
				46DD3E2427EBCCEA00A2B529 /* Resources */,
				9CF8993FCBD38E09AA030284 /* [CP] Embed Pods Frameworks */,
			);
			buildRules = (
			);
			dependencies = (
			);
			name = MobilkaLAB6;
			productName = MobilkaLAB6;
			productReference = 46DD3E2627EBCCEA00A2B529 /* MobilkaLAB6.app */;
			productType = "com.apple.product-type.application";
		};
/* End PBXNativeTarget section */

/* Begin PBXProject section */
		46DD3E1E27EBCCEA00A2B529 /* Project object */ = {
			isa = PBXProject;
			attributes = {
				BuildIndependentTargetsInParallel = 1;
				LastSwiftUpdateCheck = 1330;
				LastUpgradeCheck = 1330;
				TargetAttributes = {
					46DD3E2527EBCCEA00A2B529 = {
						CreatedOnToolsVersion = 13.3;
					};
				};
			};
			buildConfigurationList = 46DD3E2127EBCCEA00A2B529 /* Build configuration list for PBXProject "MobilkaLAB6" */;
			compatibilityVersion = "Xcode 13.0";
			developmentRegion = en;
			hasScannedForEncodings = 0;
			knownRegions = (
				en,
				Base,
			);
			mainGroup = 46DD3E1D27EBCCE900A2B529;
			productRefGroup = 46DD3E2727EBCCEA00A2B529 /* Products */;
			projectDirPath = "";
			projectRoot = "";
			targets = (
				46DD3E2527EBCCEA00A2B529 /* MobilkaLAB6 */,
			);
		};
/* End PBXProject section */

/* Begin PBXResourcesBuildPhase section */
		46DD3E2427EBCCEA00A2B529 /* Resources */ = {
			isa = PBXResourcesBuildPhase;
			buildActionMask = 2147483647;
			files = (
				46DD3E3627EBCCEC00A2B529 /* LaunchScreen.storyboard in Resources */,
				46DD3E3327EBCCEC00A2B529 /* Assets.xcassets in Resources */,
				46DD3E3127EBCCEA00A2B529 /* Main.storyboard in Resources */,
			);
			runOnlyForDeploymentPostprocessing = 0;
		};
/* End PBXResourcesBuildPhase section */

/* Begin PBXShellScriptBuildPhase section */
		9CF8993FCBD38E09AA030284 /* [CP] Embed Pods Frameworks */ = {
			isa = PBXShellScriptBuildPhase;
			buildActionMask = 2147483647;
			files = (
			);
			inputFileListPaths = (
				"${PODS_ROOT}/Target Support Files/Pods-MobilkaLAB6/Pods-MobilkaLAB6-frameworks-${CONFIGURATION}-input-files.xcfilelist",
			);
			name = "[CP] Embed Pods Frameworks";
			outputFileListPaths = (
				"${PODS_ROOT}/Target Support Files/Pods-MobilkaLAB6/Pods-MobilkaLAB6-frameworks-${CONFIGURATION}-output-files.xcfilelist",
			);
			runOnlyForDeploymentPostprocessing = 0;
			shellPath = /bin/sh;
			shellScript = "\"${PODS_ROOT}/Target Support Files/Pods-MobilkaLAB6/Pods-MobilkaLAB6-frameworks.sh\"\n";
			showEnvVarsInLog = 0;
		};
		BD84857D93BE4CE1B3A6BC51 /* [CP] Check Pods Manifest.lock */ = {
			isa = PBXShellScriptBuildPhase;
			buildActionMask = 2147483647;
			files = (
			);
			inputFileListPaths = (
			);
			inputPaths = (
				"${PODS_PODFILE_DIR_PATH}/Podfile.lock",
				"${PODS_ROOT}/Manifest.lock",
			);
			name = "[CP] Check Pods Manifest.lock";
			outputFileListPaths = (
			);
			outputPaths = (
				"$(DERIVED_FILE_DIR)/Pods-MobilkaLAB6-checkManifestLockResult.txt",
			);
			runOnlyForDeploymentPostprocessing = 0;
			shellPath = /bin/sh;
			shellScript = "diff \"${PODS_PODFILE_DIR_PATH}/Podfile.lock\" \"${PODS_ROOT}/Manifest.lock\" > /dev/null\nif [ $? != 0 ] ; then\n    # print error to STDERR\n    echo \"error: The sandbox is not in sync with the Podfile.lock. Run 'pod install' or update your CocoaPods installation.\" >&2\n    exit 1\nfi\n# This output is used by Xcode 'outputs' to avoid re-running this script phase.\necho \"SUCCESS\" > \"${SCRIPT_OUTPUT_FILE_0}\"\n";
			showEnvVarsInLog = 0;
		};
/* End PBXShellScriptBuildPhase section */

/* Begin PBXSourcesBuildPhase section */
		46DD3E2227EBCCEA00A2B529 /* Sources */ = {
			isa = PBXSourcesBuildPhase;
			buildActionMask = 2147483647;
			files = (
				46DD3E5027EC7DBB00A2B529 /* InfoViewModel.swift in Sources */,
				46DD3E3F27EBCDCD00A2B529 /* MainViewController.swift in Sources */,
				46DD3E4227EBD49F00A2B529 /* Assembly.swift in Sources */,
				46DD3E2A27EBCCEA00A2B529 /* AppDelegate.swift in Sources */,
				46DD3E4B27EC564300A2B529 /* LanguageType.swift in Sources */,
				46E3B55027F30D8500623A8A /* LanguageInfoUsecase.swift in Sources */,
				46DD3E4E27EC570500A2B529 /* InfoViewController.swift in Sources */,
				46E3B55827F83C7800623A8A /* Constants.swift in Sources */,
				46DD3E4427EBD4A400A2B529 /* MainCoordinator.swift in Sources */,
				46DD3E5227EC7E0E00A2B529 /* InfoIO.swift in Sources */,
				46DD3E2C27EBCCEA00A2B529 /* SceneDelegate.swift in Sources */,
				46DD3E4627EBD50400A2B529 /* MainViewModel.swift in Sources */,
				46DD3E4827EBD58800A2B529 /* MainIO.swift in Sources */,
			);
			runOnlyForDeploymentPostprocessing = 0;
		};
/* End PBXSourcesBuildPhase section */

/* Begin PBXVariantGroup section */
		46DD3E2F27EBCCEA00A2B529 /* Main.storyboard */ = {
			isa = PBXVariantGroup;
			children = (
				46DD3E3027EBCCEA00A2B529 /* Base */,
			);
			name = Main.storyboard;
			sourceTree = "<group>";
		};
		46DD3E3427EBCCEC00A2B529 /* LaunchScreen.storyboard */ = {
			isa = PBXVariantGroup;
			children = (
				46DD3E3527EBCCEC00A2B529 /* Base */,
			);
			name = LaunchScreen.storyboard;
			sourceTree = "<group>";
		};
/* End PBXVariantGroup section */

/* Begin XCBuildConfiguration section */
		46DD3E3827EBCCEC00A2B529 /* Debug */ = {
			isa = XCBuildConfiguration;
			buildSettings = {
				ALWAYS_SEARCH_USER_PATHS = NO;
				CLANG_ANALYZER_NONNULL = YES;
				CLANG_ANALYZER_NUMBER_OBJECT_CONVERSION = YES_AGGRESSIVE;
				CLANG_CXX_LANGUAGE_STANDARD = "gnu++17";
				CLANG_ENABLE_MODULES = YES;
				CLANG_ENABLE_OBJC_ARC = YES;
				CLANG_ENABLE_OBJC_WEAK = YES;
				CLANG_WARN_BLOCK_CAPTURE_AUTORELEASING = YES;
				CLANG_WARN_BOOL_CONVERSION = YES;
				CLANG_WARN_COMMA = YES;
				CLANG_WARN_CONSTANT_CONVERSION = YES;
				CLANG_WARN_DEPRECATED_OBJC_IMPLEMENTATIONS = YES;
				CLANG_WARN_DIRECT_OBJC_ISA_USAGE = YES_ERROR;
				CLANG_WARN_DOCUMENTATION_COMMENTS = YES;
				CLANG_WARN_EMPTY_BODY = YES;
				CLANG_WARN_ENUM_CONVERSION = YES;
				CLANG_WARN_INFINITE_RECURSION = YES;
				CLANG_WARN_INT_CONVERSION = YES;
				CLANG_WARN_NON_LITERAL_NULL_CONVERSION = YES;
				CLANG_WARN_OBJC_IMPLICIT_RETAIN_SELF = YES;
				CLANG_WARN_OBJC_LITERAL_CONVERSION = YES;
				CLANG_WARN_OBJC_ROOT_CLASS = YES_ERROR;
				CLANG_WARN_QUOTED_INCLUDE_IN_FRAMEWORK_HEADER = YES;
				CLANG_WARN_RANGE_LOOP_ANALYSIS = YES;
				CLANG_WARN_STRICT_PROTOTYPES = YES;
				CLANG_WARN_SUSPICIOUS_MOVE = YES;
				CLANG_WARN_UNGUARDED_AVAILABILITY = YES_AGGRESSIVE;
				CLANG_WARN_UNREACHABLE_CODE = YES;
				CLANG_WARN__DUPLICATE_METHOD_MATCH = YES;
				COPY_PHASE_STRIP = NO;
				DEBUG_INFORMATION_FORMAT = dwarf;
				ENABLE_STRICT_OBJC_MSGSEND = YES;
				ENABLE_TESTABILITY = YES;
				GCC_C_LANGUAGE_STANDARD = gnu11;
				GCC_DYNAMIC_NO_PIC = NO;
				GCC_NO_COMMON_BLOCKS = YES;
				GCC_OPTIMIZATION_LEVEL = 0;
				GCC_PREPROCESSOR_DEFINITIONS = (
					"DEBUG=1",
					"$(inherited)",
				);
				GCC_WARN_64_TO_32_BIT_CONVERSION = YES;
				GCC_WARN_ABOUT_RETURN_TYPE = YES_ERROR;
				GCC_WARN_UNDECLARED_SELECTOR = YES;
				GCC_WARN_UNINITIALIZED_AUTOS = YES_AGGRESSIVE;
				GCC_WARN_UNUSED_FUNCTION = YES;
				GCC_WARN_UNUSED_VARIABLE = YES;
				IPHONEOS_DEPLOYMENT_TARGET = 15.4;
				MTL_ENABLE_DEBUG_INFO = INCLUDE_SOURCE;
				MTL_FAST_MATH = YES;
				ONLY_ACTIVE_ARCH = YES;
				SDKROOT = iphoneos;
				SWIFT_ACTIVE_COMPILATION_CONDITIONS = DEBUG;
				SWIFT_OPTIMIZATION_LEVEL = "-Onone";
			};
			name = Debug;
		};
		46DD3E3927EBCCEC00A2B529 /* Release */ = {
			isa = XCBuildConfiguration;
			buildSettings = {
				ALWAYS_SEARCH_USER_PATHS = NO;
				CLANG_ANALYZER_NONNULL = YES;
				CLANG_ANALYZER_NUMBER_OBJECT_CONVERSION = YES_AGGRESSIVE;
				CLANG_CXX_LANGUAGE_STANDARD = "gnu++17";
				CLANG_ENABLE_MODULES = YES;
				CLANG_ENABLE_OBJC_ARC = YES;
				CLANG_ENABLE_OBJC_WEAK = YES;
				CLANG_WARN_BLOCK_CAPTURE_AUTORELEASING = YES;
				CLANG_WARN_BOOL_CONVERSION = YES;
				CLANG_WARN_COMMA = YES;
				CLANG_WARN_CONSTANT_CONVERSION = YES;
				CLANG_WARN_DEPRECATED_OBJC_IMPLEMENTATIONS = YES;
				CLANG_WARN_DIRECT_OBJC_ISA_USAGE = YES_ERROR;
				CLANG_WARN_DOCUMENTATION_COMMENTS = YES;
				CLANG_WARN_EMPTY_BODY = YES;
				CLANG_WARN_ENUM_CONVERSION = YES;
				CLANG_WARN_INFINITE_RECURSION = YES;
				CLANG_WARN_INT_CONVERSION = YES;
				CLANG_WARN_NON_LITERAL_NULL_CONVERSION = YES;
				CLANG_WARN_OBJC_IMPLICIT_RETAIN_SELF = YES;
				CLANG_WARN_OBJC_LITERAL_CONVERSION = YES;
				CLANG_WARN_OBJC_ROOT_CLASS = YES_ERROR;
				CLANG_WARN_QUOTED_INCLUDE_IN_FRAMEWORK_HEADER = YES;
				CLANG_WARN_RANGE_LOOP_ANALYSIS = YES;
				CLANG_WARN_STRICT_PROTOTYPES = YES;
				CLANG_WARN_SUSPICIOUS_MOVE = YES;
				CLANG_WARN_UNGUARDED_AVAILABILITY = YES_AGGRESSIVE;
				CLANG_WARN_UNREACHABLE_CODE = YES;
				CLANG_WARN__DUPLICATE_METHOD_MATCH = YES;
				COPY_PHASE_STRIP = NO;
				DEBUG_INFORMATION_FORMAT = "dwarf-with-dsym";
				ENABLE_NS_ASSERTIONS = NO;
				ENABLE_STRICT_OBJC_MSGSEND = YES;
				GCC_C_LANGUAGE_STANDARD = gnu11;
				GCC_NO_COMMON_BLOCKS = YES;
				GCC_WARN_64_TO_32_BIT_CONVERSION = YES;
				GCC_WARN_ABOUT_RETURN_TYPE = YES_ERROR;
				GCC_WARN_UNDECLARED_SELECTOR = YES;
				GCC_WARN_UNINITIALIZED_AUTOS = YES_AGGRESSIVE;
				GCC_WARN_UNUSED_FUNCTION = YES;
				GCC_WARN_UNUSED_VARIABLE = YES;
				IPHONEOS_DEPLOYMENT_TARGET = 15.4;
				MTL_ENABLE_DEBUG_INFO = NO;
				MTL_FAST_MATH = YES;
				SDKROOT = iphoneos;
				SWIFT_COMPILATION_MODE = wholemodule;
				SWIFT_OPTIMIZATION_LEVEL = "-O";
				VALIDATE_PRODUCT = YES;
			};
			name = Release;
		};
		46DD3E3B27EBCCEC00A2B529 /* Debug */ = {
			isa = XCBuildConfiguration;
			baseConfigurationReference = EE456DF4E3328A310F791329 /* Pods-MobilkaLAB6.debug.xcconfig */;
			buildSettings = {
				ASSETCATALOG_COMPILER_APPICON_NAME = AppIcon;
				ASSETCATALOG_COMPILER_GLOBAL_ACCENT_COLOR_NAME = AccentColor;
				CODE_SIGN_STYLE = Automatic;
				CURRENT_PROJECT_VERSION = 1;
				GENERATE_INFOPLIST_FILE = YES;
				INFOPLIST_FILE = MobilkaLAB6/Info.plist;
				INFOPLIST_KEY_UIApplicationSupportsIndirectInputEvents = YES;
				INFOPLIST_KEY_UILaunchStoryboardName = LaunchScreen;
				INFOPLIST_KEY_UIMainStoryboardFile = Main;
				INFOPLIST_KEY_UISupportedInterfaceOrientations_iPad = "UIInterfaceOrientationPortrait UIInterfaceOrientationPortraitUpsideDown UIInterfaceOrientationLandscapeLeft UIInterfaceOrientationLandscapeRight";
				INFOPLIST_KEY_UISupportedInterfaceOrientations_iPhone = "UIInterfaceOrientationPortrait UIInterfaceOrientationLandscapeLeft UIInterfaceOrientationLandscapeRight";
				LD_RUNPATH_SEARCH_PATHS = (
					"$(inherited)",
					"@executable_path/Frameworks",
				);
				MARKETING_VERSION = 1.0;
				PRODUCT_BUNDLE_IDENTIFIER = KK.MobilkaLAB6;
				PRODUCT_NAME = "$(TARGET_NAME)";
				SWIFT_EMIT_LOC_STRINGS = YES;
				SWIFT_VERSION = 5.0;
				TARGETED_DEVICE_FAMILY = "1,2";
			};
			name = Debug;
		};
		46DD3E3C27EBCCEC00A2B529 /* Release */ = {
			isa = XCBuildConfiguration;
			baseConfigurationReference = 01C7E1D1A5BE8336D3440C27 /* Pods-MobilkaLAB6.release.xcconfig */;
			buildSettings = {
				ASSETCATALOG_COMPILER_APPICON_NAME = AppIcon;
				ASSETCATALOG_COMPILER_GLOBAL_ACCENT_COLOR_NAME = AccentColor;
				CODE_SIGN_STYLE = Automatic;
				CURRENT_PROJECT_VERSION = 1;
				GENERATE_INFOPLIST_FILE = YES;
				INFOPLIST_FILE = MobilkaLAB6/Info.plist;
				INFOPLIST_KEY_UIApplicationSupportsIndirectInputEvents = YES;
				INFOPLIST_KEY_UILaunchStoryboardName = LaunchScreen;
				INFOPLIST_KEY_UIMainStoryboardFile = Main;
				INFOPLIST_KEY_UISupportedInterfaceOrientations_iPad = "UIInterfaceOrientationPortrait UIInterfaceOrientationPortraitUpsideDown UIInterfaceOrientationLandscapeLeft UIInterfaceOrientationLandscapeRight";
				INFOPLIST_KEY_UISupportedInterfaceOrientations_iPhone = "UIInterfaceOrientationPortrait UIInterfaceOrientationLandscapeLeft UIInterfaceOrientationLandscapeRight";
				LD_RUNPATH_SEARCH_PATHS = (
					"$(inherited)",
					"@executable_path/Frameworks",
				);
				MARKETING_VERSION = 1.0;
				PRODUCT_BUNDLE_IDENTIFIER = KK.MobilkaLAB6;
				PRODUCT_NAME = "$(TARGET_NAME)";
				SWIFT_EMIT_LOC_STRINGS = YES;
				SWIFT_VERSION = 5.0;
				TARGETED_DEVICE_FAMILY = "1,2";
			};
			name = Release;
		};
/* End XCBuildConfiguration section */

/* Begin XCConfigurationList section */
		46DD3E2127EBCCEA00A2B529 /* Build configuration list for PBXProject "MobilkaLAB6" */ = {
			isa = XCConfigurationList;
			buildConfigurations = (
				46DD3E3827EBCCEC00A2B529 /* Debug */,
				46DD3E3927EBCCEC00A2B529 /* Release */,
			);
			defaultConfigurationIsVisible = 0;
			defaultConfigurationName = Release;
		};
		46DD3E3A27EBCCEC00A2B529 /* Build configuration list for PBXNativeTarget "MobilkaLAB6" */ = {
			isa = XCConfigurationList;
			buildConfigurations = (
				46DD3E3B27EBCCEC00A2B529 /* Debug */,
				46DD3E3C27EBCCEC00A2B529 /* Release */,
			);
			defaultConfigurationIsVisible = 0;
			defaultConfigurationName = Release;
		};
/* End XCConfigurationList section */
	};
	rootObject = 46DD3E1E27EBCCEA00A2B529 /* Project object */;
}
